
Microsoft Visual Studio Solution File, Format Version 12.00
# Visual Studio Version 17
VisualStudioVersion = 17.0.31919.166
MinimumVisualStudioVersion = 10.0.40219.1
Project("{9A19103F-16F7-4668-BE54-9A1E7A4F7556}") = "day1-part1", "day1-part1\day1-part1.csproj", "{28FD569C-4F2E-4FC1-86CB-6077FBA53F10}"
EndProject
Project("{9A19103F-16F7-4668-BE54-9A1E7A4F7556}") = "day1-part2", "day1-part2\day1-part2.csproj", "{5E70A07F-8CB3-47E3-8591-E7ABB3A95748}"
EndProject
Project("{9A19103F-16F7-4668-BE54-9A1E7A4F7556}") = "day2-part1", "day2-part1\day2-part1.csproj", "{755A9229-F82D-4B2C-A2C4-FB240C07A3E1}"
EndProject
Project("{9A19103F-16F7-4668-BE54-9A1E7A4F7556}") = "day2-part2", "day2-part2\day2-part2.csproj", "{A2847184-AF3F-4433-BD57-8B1549B0F934}"
EndProject
Project("{9A19103F-16F7-4668-BE54-9A1E7A4F7556}") = "day3-part1", "day3-part1\day3-part1.csproj", "{46B98DDC-0D6E-42B9-BF93-823B30F75826}"
EndProject
Project("{9A19103F-16F7-4668-BE54-9A1E7A4F7556}") = "day3-part2", "day3-part2\day3-part2.csproj", "{2E635F1D-7063-47DB-BC8C-E463C41519E7}"
EndProject
Project("{9A19103F-16F7-4668-BE54-9A1E7A4F7556}") = "day4-part1", "day4-part1\day4-part1.csproj", "{6A9BE34C-115B-4C35-B0D8-F0AB68A408C4}"
EndProject
Project("{9A19103F-16F7-4668-BE54-9A1E7A4F7556}") = "day4-part2", "day4-part2\day4-part2.csproj", "{D1D92A58-D60E-4338-A6CB-8F6FBC5CC2C3}"
EndProject
Project("{9A19103F-16F7-4668-BE54-9A1E7A4F7556}") = "day5-part1", "day5-part1\day5-part1.csproj", "{1332C025-8C83-42E0-AF69-D0FF1D8E849C}"
EndProject
Project("{9A19103F-16F7-4668-BE54-9A1E7A4F7556}") = "day5-part2", "day5-part2\day5-part2.csproj", "{DE3D5554-82E3-4894-984A-A5975E201FA2}"
EndProject
Project("{9A19103F-16F7-4668-BE54-9A1E7A4F7556}") = "day6-part1", "day6-part1\day6-part1.csproj", "{CB60C570-AA79-413D-98EB-25C55D7A54AF}"
EndProject
Project("{9A19103F-16F7-4668-BE54-9A1E7A4F7556}") = "day6-part2", "day6-part2\day6-part2.csproj", "{83A62B80-19BF-4ECD-B468-204DACAC8684}"
EndProject
Project("{9A19103F-16F7-4668-BE54-9A1E7A4F7556}") = "day7-part1", "day7-part1\day7-part1.csproj", "{8C2052AD-067A-4AF4-AF27-320451FBB55E}"
EndProject
Project("{9A19103F-16F7-4668-BE54-9A1E7A4F7556}") = "day7-part2", "day7-part2\day7-part2.csproj", "{692BC2BE-1B7A-4D2C-88F1-D12CDEFB9517}"
EndProject
Project("{9A19103F-16F7-4668-BE54-9A1E7A4F7556}") = "day8-part1", "day8-part1\day8-part1.csproj", "{49D6717F-6CD3-4215-BB35-37BFC41CCFBD}"
EndProject
Project("{9A19103F-16F7-4668-BE54-9A1E7A4F7556}") = "day8-part2", "day8-part2\day8-part2.csproj", "{FDBC1B80-92A3-43D6-A5E0-AEECF3CC6EF4}"
EndProject
Project("{9A19103F-16F7-4668-BE54-9A1E7A4F7556}") = "day9-part1", "day9-part1\day9-part1.csproj", "{3E9C9143-40FA-45B3-8907-84F2AF589B12}"
EndProject
Project("{9A19103F-16F7-4668-BE54-9A1E7A4F7556}") = "day9-part2", "day9-part2\day9-part2.csproj", "{BEA91C3E-40D8-42FB-BC7E-AC7D2A4F9EC0}"
EndProject
Project("{9A19103F-16F7-4668-BE54-9A1E7A4F7556}") = "day10-part1", "day10-part1\day10-part1.csproj", "{1B3D88E8-4C1B-4784-BD8E-A925F98DFC37}"
EndProject
Project("{9A19103F-16F7-4668-BE54-9A1E7A4F7556}") = "day10-part2", "day10-part2\day10-part2.csproj", "{1820556D-AAB6-4252-9519-BD8A7D8F372E}"
EndProject
Project("{9A19103F-16F7-4668-BE54-9A1E7A4F7556}") = "day11-part1", "day11-part1\day11-part1.csproj", "{0ECF3164-FECF-4CAD-877E-1645CBDDF27A}"
EndProject
Project("{9A19103F-16F7-4668-BE54-9A1E7A4F7556}") = "day11-part2", "day11-part2\day11-part2.csproj", "{A6F2E7AE-EC7A-469D-A1E7-FF94707B8971}"
EndProject
Project("{9A19103F-16F7-4668-BE54-9A1E7A4F7556}") = "day12-part1", "day12-part1\day12-part1.csproj", "{E048F6BD-E8F9-41E1-ABC4-3AE923FBDF2D}"
EndProject
Project("{9A19103F-16F7-4668-BE54-9A1E7A4F7556}") = "day12-part2", "day12-part2\day12-part2.csproj", "{3405701A-EBA5-49B9-8BD8-43CE5DA4075B}"
EndProject
Project("{9A19103F-16F7-4668-BE54-9A1E7A4F7556}") = "day13-part1", "day13-part1\day13-part1.csproj", "{3096A37D-3869-488F-9F62-0C13469D0A47}"
EndProject
Project("{9A19103F-16F7-4668-BE54-9A1E7A4F7556}") = "day13-part2", "day13-part2\day13-part2.csproj", "{66FA8BFF-0C96-49F9-A437-A7BE9FE82829}"
EndProject
Project("{9A19103F-16F7-4668-BE54-9A1E7A4F7556}") = "day14-part1", "day14-part1\day14-part1.csproj", "{9B54E64B-19F0-4174-B813-3C17D6C4C540}"
EndProject
Project("{9A19103F-16F7-4668-BE54-9A1E7A4F7556}") = "day14-part2", "day14-part2\day14-part2.csproj", "{06F40380-3300-4162-8A79-E170C95D0A58}"
EndProject
Project("{9A19103F-16F7-4668-BE54-9A1E7A4F7556}") = "day15-part1", "day15-part1\day15-part1.csproj", "{9FE1E3AD-46CC-483B-A498-9E0741B21077}"
EndProject
Project("{FAE04EC0-301F-11D3-BF4B-00C04F79EFBC}") = "day15-part2", "day15-part2\day15-part2.csproj", "{D9B4D171-3071-424E-8A3F-AA7DD6125F6B}"
EndProject
Global
	GlobalSection(SolutionConfigurationPlatforms) = preSolution
		Debug|Any CPU = Debug|Any CPU
		Release|Any CPU = Release|Any CPU
	EndGlobalSection
	GlobalSection(ProjectConfigurationPlatforms) = postSolution
		{28FD569C-4F2E-4FC1-86CB-6077FBA53F10}.Debug|Any CPU.ActiveCfg = Debug|Any CPU
		{28FD569C-4F2E-4FC1-86CB-6077FBA53F10}.Debug|Any CPU.Build.0 = Debug|Any CPU
		{28FD569C-4F2E-4FC1-86CB-6077FBA53F10}.Release|Any CPU.ActiveCfg = Release|Any CPU
		{28FD569C-4F2E-4FC1-86CB-6077FBA53F10}.Release|Any CPU.Build.0 = Release|Any CPU
		{5E70A07F-8CB3-47E3-8591-E7ABB3A95748}.Debug|Any CPU.ActiveCfg = Debug|Any CPU
		{5E70A07F-8CB3-47E3-8591-E7ABB3A95748}.Debug|Any CPU.Build.0 = Debug|Any CPU
		{5E70A07F-8CB3-47E3-8591-E7ABB3A95748}.Release|Any CPU.ActiveCfg = Release|Any CPU
		{5E70A07F-8CB3-47E3-8591-E7ABB3A95748}.Release|Any CPU.Build.0 = Release|Any CPU
		{755A9229-F82D-4B2C-A2C4-FB240C07A3E1}.Debug|Any CPU.ActiveCfg = Debug|Any CPU
		{755A9229-F82D-4B2C-A2C4-FB240C07A3E1}.Debug|Any CPU.Build.0 = Debug|Any CPU
		{755A9229-F82D-4B2C-A2C4-FB240C07A3E1}.Release|Any CPU.ActiveCfg = Release|Any CPU
		{755A9229-F82D-4B2C-A2C4-FB240C07A3E1}.Release|Any CPU.Build.0 = Release|Any CPU
		{A2847184-AF3F-4433-BD57-8B1549B0F934}.Debug|Any CPU.ActiveCfg = Debug|Any CPU
		{A2847184-AF3F-4433-BD57-8B1549B0F934}.Debug|Any CPU.Build.0 = Debug|Any CPU
		{A2847184-AF3F-4433-BD57-8B1549B0F934}.Release|Any CPU.ActiveCfg = Release|Any CPU
		{A2847184-AF3F-4433-BD57-8B1549B0F934}.Release|Any CPU.Build.0 = Release|Any CPU
		{46B98DDC-0D6E-42B9-BF93-823B30F75826}.Debug|Any CPU.ActiveCfg = Debug|Any CPU
		{46B98DDC-0D6E-42B9-BF93-823B30F75826}.Debug|Any CPU.Build.0 = Debug|Any CPU
		{46B98DDC-0D6E-42B9-BF93-823B30F75826}.Release|Any CPU.ActiveCfg = Release|Any CPU
		{46B98DDC-0D6E-42B9-BF93-823B30F75826}.Release|Any CPU.Build.0 = Release|Any CPU
		{2E635F1D-7063-47DB-BC8C-E463C41519E7}.Debug|Any CPU.ActiveCfg = Debug|Any CPU
		{2E635F1D-7063-47DB-BC8C-E463C41519E7}.Debug|Any CPU.Build.0 = Debug|Any CPU
		{2E635F1D-7063-47DB-BC8C-E463C41519E7}.Release|Any CPU.ActiveCfg = Release|Any CPU
		{2E635F1D-7063-47DB-BC8C-E463C41519E7}.Release|Any CPU.Build.0 = Release|Any CPU
		{6A9BE34C-115B-4C35-B0D8-F0AB68A408C4}.Debug|Any CPU.ActiveCfg = Debug|Any CPU
		{6A9BE34C-115B-4C35-B0D8-F0AB68A408C4}.Debug|Any CPU.Build.0 = Debug|Any CPU
		{6A9BE34C-115B-4C35-B0D8-F0AB68A408C4}.Release|Any CPU.ActiveCfg = Release|Any CPU
		{6A9BE34C-115B-4C35-B0D8-F0AB68A408C4}.Release|Any CPU.Build.0 = Release|Any CPU
		{D1D92A58-D60E-4338-A6CB-8F6FBC5CC2C3}.Debug|Any CPU.ActiveCfg = Debug|Any CPU
		{D1D92A58-D60E-4338-A6CB-8F6FBC5CC2C3}.Debug|Any CPU.Build.0 = Debug|Any CPU
		{D1D92A58-D60E-4338-A6CB-8F6FBC5CC2C3}.Release|Any CPU.ActiveCfg = Release|Any CPU
		{D1D92A58-D60E-4338-A6CB-8F6FBC5CC2C3}.Release|Any CPU.Build.0 = Release|Any CPU
		{1332C025-8C83-42E0-AF69-D0FF1D8E849C}.Debug|Any CPU.ActiveCfg = Debug|Any CPU
		{1332C025-8C83-42E0-AF69-D0FF1D8E849C}.Debug|Any CPU.Build.0 = Debug|Any CPU
		{1332C025-8C83-42E0-AF69-D0FF1D8E849C}.Release|Any CPU.ActiveCfg = Release|Any CPU
		{1332C025-8C83-42E0-AF69-D0FF1D8E849C}.Release|Any CPU.Build.0 = Release|Any CPU
		{DE3D5554-82E3-4894-984A-A5975E201FA2}.Debug|Any CPU.ActiveCfg = Debug|Any CPU
		{DE3D5554-82E3-4894-984A-A5975E201FA2}.Debug|Any CPU.Build.0 = Debug|Any CPU
		{DE3D5554-82E3-4894-984A-A5975E201FA2}.Release|Any CPU.ActiveCfg = Release|Any CPU
		{DE3D5554-82E3-4894-984A-A5975E201FA2}.Release|Any CPU.Build.0 = Release|Any CPU
		{CB60C570-AA79-413D-98EB-25C55D7A54AF}.Debug|Any CPU.ActiveCfg = Debug|Any CPU
		{CB60C570-AA79-413D-98EB-25C55D7A54AF}.Debug|Any CPU.Build.0 = Debug|Any CPU
		{CB60C570-AA79-413D-98EB-25C55D7A54AF}.Release|Any CPU.ActiveCfg = Release|Any CPU
		{CB60C570-AA79-413D-98EB-25C55D7A54AF}.Release|Any CPU.Build.0 = Release|Any CPU
		{83A62B80-19BF-4ECD-B468-204DACAC8684}.Debug|Any CPU.ActiveCfg = Debug|Any CPU
		{83A62B80-19BF-4ECD-B468-204DACAC8684}.Debug|Any CPU.Build.0 = Debug|Any CPU
		{83A62B80-19BF-4ECD-B468-204DACAC8684}.Release|Any CPU.ActiveCfg = Release|Any CPU
		{83A62B80-19BF-4ECD-B468-204DACAC8684}.Release|Any CPU.Build.0 = Release|Any CPU
		{8C2052AD-067A-4AF4-AF27-320451FBB55E}.Debug|Any CPU.ActiveCfg = Debug|Any CPU
		{8C2052AD-067A-4AF4-AF27-320451FBB55E}.Debug|Any CPU.Build.0 = Debug|Any CPU
		{8C2052AD-067A-4AF4-AF27-320451FBB55E}.Release|Any CPU.ActiveCfg = Release|Any CPU
		{8C2052AD-067A-4AF4-AF27-320451FBB55E}.Release|Any CPU.Build.0 = Release|Any CPU
		{692BC2BE-1B7A-4D2C-88F1-D12CDEFB9517}.Debug|Any CPU.ActiveCfg = Debug|Any CPU
		{692BC2BE-1B7A-4D2C-88F1-D12CDEFB9517}.Debug|Any CPU.Build.0 = Debug|Any CPU
		{692BC2BE-1B7A-4D2C-88F1-D12CDEFB9517}.Release|Any CPU.ActiveCfg = Release|Any CPU
		{692BC2BE-1B7A-4D2C-88F1-D12CDEFB9517}.Release|Any CPU.Build.0 = Release|Any CPU
		{49D6717F-6CD3-4215-BB35-37BFC41CCFBD}.Debug|Any CPU.ActiveCfg = Debug|Any CPU
		{49D6717F-6CD3-4215-BB35-37BFC41CCFBD}.Debug|Any CPU.Build.0 = Debug|Any CPU
		{49D6717F-6CD3-4215-BB35-37BFC41CCFBD}.Release|Any CPU.ActiveCfg = Release|Any CPU
		{49D6717F-6CD3-4215-BB35-37BFC41CCFBD}.Release|Any CPU.Build.0 = Release|Any CPU
		{FDBC1B80-92A3-43D6-A5E0-AEECF3CC6EF4}.Debug|Any CPU.ActiveCfg = Debug|Any CPU
		{FDBC1B80-92A3-43D6-A5E0-AEECF3CC6EF4}.Debug|Any CPU.Build.0 = Debug|Any CPU
		{FDBC1B80-92A3-43D6-A5E0-AEECF3CC6EF4}.Release|Any CPU.ActiveCfg = Release|Any CPU
		{FDBC1B80-92A3-43D6-A5E0-AEECF3CC6EF4}.Release|Any CPU.Build.0 = Release|Any CPU
		{3E9C9143-40FA-45B3-8907-84F2AF589B12}.Debug|Any CPU.ActiveCfg = Debug|Any CPU
		{3E9C9143-40FA-45B3-8907-84F2AF589B12}.Debug|Any CPU.Build.0 = Debug|Any CPU
		{3E9C9143-40FA-45B3-8907-84F2AF589B12}.Release|Any CPU.ActiveCfg = Release|Any CPU
		{3E9C9143-40FA-45B3-8907-84F2AF589B12}.Release|Any CPU.Build.0 = Release|Any CPU
		{BEA91C3E-40D8-42FB-BC7E-AC7D2A4F9EC0}.Debug|Any CPU.ActiveCfg = Debug|Any CPU
		{BEA91C3E-40D8-42FB-BC7E-AC7D2A4F9EC0}.Debug|Any CPU.Build.0 = Debug|Any CPU
		{BEA91C3E-40D8-42FB-BC7E-AC7D2A4F9EC0}.Release|Any CPU.ActiveCfg = Release|Any CPU
		{BEA91C3E-40D8-42FB-BC7E-AC7D2A4F9EC0}.Release|Any CPU.Build.0 = Release|Any CPU
		{1B3D88E8-4C1B-4784-BD8E-A925F98DFC37}.Debug|Any CPU.ActiveCfg = Debug|Any CPU
		{1B3D88E8-4C1B-4784-BD8E-A925F98DFC37}.Debug|Any CPU.Build.0 = Debug|Any CPU
		{1B3D88E8-4C1B-4784-BD8E-A925F98DFC37}.Release|Any CPU.ActiveCfg = Release|Any CPU
		{1B3D88E8-4C1B-4784-BD8E-A925F98DFC37}.Release|Any CPU.Build.0 = Release|Any CPU
		{1820556D-AAB6-4252-9519-BD8A7D8F372E}.Debug|Any CPU.ActiveCfg = Debug|Any CPU
		{1820556D-AAB6-4252-9519-BD8A7D8F372E}.Debug|Any CPU.Build.0 = Debug|Any CPU
		{1820556D-AAB6-4252-9519-BD8A7D8F372E}.Release|Any CPU.ActiveCfg = Release|Any CPU
		{1820556D-AAB6-4252-9519-BD8A7D8F372E}.Release|Any CPU.Build.0 = Release|Any CPU
		{0ECF3164-FECF-4CAD-877E-1645CBDDF27A}.Debug|Any CPU.ActiveCfg = Debug|Any CPU
		{0ECF3164-FECF-4CAD-877E-1645CBDDF27A}.Debug|Any CPU.Build.0 = Debug|Any CPU
		{0ECF3164-FECF-4CAD-877E-1645CBDDF27A}.Release|Any CPU.ActiveCfg = Release|Any CPU
		{0ECF3164-FECF-4CAD-877E-1645CBDDF27A}.Release|Any CPU.Build.0 = Release|Any CPU
		{A6F2E7AE-EC7A-469D-A1E7-FF94707B8971}.Debug|Any CPU.ActiveCfg = Debug|Any CPU
		{A6F2E7AE-EC7A-469D-A1E7-FF94707B8971}.Debug|Any CPU.Build.0 = Debug|Any CPU
		{A6F2E7AE-EC7A-469D-A1E7-FF94707B8971}.Release|Any CPU.ActiveCfg = Release|Any CPU
		{A6F2E7AE-EC7A-469D-A1E7-FF94707B8971}.Release|Any CPU.Build.0 = Release|Any CPU
		{E048F6BD-E8F9-41E1-ABC4-3AE923FBDF2D}.Debug|Any CPU.ActiveCfg = Debug|Any CPU
		{E048F6BD-E8F9-41E1-ABC4-3AE923FBDF2D}.Debug|Any CPU.Build.0 = Debug|Any CPU
		{E048F6BD-E8F9-41E1-ABC4-3AE923FBDF2D}.Release|Any CPU.ActiveCfg = Release|Any CPU
		{E048F6BD-E8F9-41E1-ABC4-3AE923FBDF2D}.Release|Any CPU.Build.0 = Release|Any CPU
		{3405701A-EBA5-49B9-8BD8-43CE5DA4075B}.Debug|Any CPU.ActiveCfg = Debug|Any CPU
		{3405701A-EBA5-49B9-8BD8-43CE5DA4075B}.Debug|Any CPU.Build.0 = Debug|Any CPU
		{3405701A-EBA5-49B9-8BD8-43CE5DA4075B}.Release|Any CPU.ActiveCfg = Release|Any CPU
		{3405701A-EBA5-49B9-8BD8-43CE5DA4075B}.Release|Any CPU.Build.0 = Release|Any CPU
		{3096A37D-3869-488F-9F62-0C13469D0A47}.Debug|Any CPU.ActiveCfg = Debug|Any CPU
		{3096A37D-3869-488F-9F62-0C13469D0A47}.Debug|Any CPU.Build.0 = Debug|Any CPU
		{3096A37D-3869-488F-9F62-0C13469D0A47}.Release|Any CPU.ActiveCfg = Release|Any CPU
		{3096A37D-3869-488F-9F62-0C13469D0A47}.Release|Any CPU.Build.0 = Release|Any CPU
		{66FA8BFF-0C96-49F9-A437-A7BE9FE82829}.Debug|Any CPU.ActiveCfg = Debug|Any CPU
		{66FA8BFF-0C96-49F9-A437-A7BE9FE82829}.Debug|Any CPU.Build.0 = Debug|Any CPU
		{66FA8BFF-0C96-49F9-A437-A7BE9FE82829}.Release|Any CPU.ActiveCfg = Release|Any CPU
		{66FA8BFF-0C96-49F9-A437-A7BE9FE82829}.Release|Any CPU.Build.0 = Release|Any CPU
		{9B54E64B-19F0-4174-B813-3C17D6C4C540}.Debug|Any CPU.ActiveCfg = Debug|Any CPU
		{9B54E64B-19F0-4174-B813-3C17D6C4C540}.Debug|Any CPU.Build.0 = Debug|Any CPU
		{9B54E64B-19F0-4174-B813-3C17D6C4C540}.Release|Any CPU.ActiveCfg = Release|Any CPU
		{9B54E64B-19F0-4174-B813-3C17D6C4C540}.Release|Any CPU.Build.0 = Release|Any CPU
		{06F40380-3300-4162-8A79-E170C95D0A58}.Debug|Any CPU.ActiveCfg = Debug|Any CPU
		{06F40380-3300-4162-8A79-E170C95D0A58}.Debug|Any CPU.Build.0 = Debug|Any CPU
		{06F40380-3300-4162-8A79-E170C95D0A58}.Release|Any CPU.ActiveCfg = Release|Any CPU
		{06F40380-3300-4162-8A79-E170C95D0A58}.Release|Any CPU.Build.0 = Release|Any CPU
		{9FE1E3AD-46CC-483B-A498-9E0741B21077}.Debug|Any CPU.ActiveCfg = Debug|Any CPU
		{9FE1E3AD-46CC-483B-A498-9E0741B21077}.Debug|Any CPU.Build.0 = Debug|Any CPU
		{9FE1E3AD-46CC-483B-A498-9E0741B21077}.Release|Any CPU.ActiveCfg = Release|Any CPU
		{9FE1E3AD-46CC-483B-A498-9E0741B21077}.Release|Any CPU.Build.0 = Release|Any CPU
		{D9B4D171-3071-424E-8A3F-AA7DD6125F6B}.Debug|Any CPU.ActiveCfg = Debug|Any CPU
		{D9B4D171-3071-424E-8A3F-AA7DD6125F6B}.Debug|Any CPU.Build.0 = Debug|Any CPU
		{D9B4D171-3071-424E-8A3F-AA7DD6125F6B}.Release|Any CPU.ActiveCfg = Release|Any CPU
		{D9B4D171-3071-424E-8A3F-AA7DD6125F6B}.Release|Any CPU.Build.0 = Release|Any CPU
	EndGlobalSection
	GlobalSection(SolutionProperties) = preSolution
		HideSolutionNode = FALSE
	EndGlobalSection
	GlobalSection(ExtensibilityGlobals) = postSolution
		SolutionGuid = {790F13CE-AF55-444A-89A3-638BCB16ACCA}
	EndGlobalSection
EndGlobal
